
Microsoft Visual Studio Solution File, Format Version 12.00
# Visual Studio Version 17
VisualStudioVersion = 17.12.35707.178
MinimumVisualStudioVersion = 10.0.40219.1
Project("{FAE04EC0-301F-11D3-BF4B-00C04F79EFBC}") = "Contacts.View", "View\Contacts.View.csproj", "{CBD87E25-81AB-47A9-B44C-96CC1DB67C2D}"
EndProject
Project("{FAE04EC0-301F-11D3-BF4B-00C04F79EFBC}") = "Contacts.Model", "Contacts.Model\Contacts.Model.csproj", "{B9B29DA9-1915-4DEA-A5CB-0B579C4772A1}"
EndProject
Project("{FAE04EC0-301F-11D3-BF4B-00C04F79EFBC}") = "Contacts.ViewModel", "Contacts.ViewModel\Contacts.ViewModel.csproj", "{0887822C-6599-4D10-8C75-904C82F369D6}"
EndProject
Global
	GlobalSection(SolutionConfigurationPlatforms) = preSolution
		Debug|Any CPU = Debug|Any CPU
		Release|Any CPU = Release|Any CPU
	EndGlobalSection
	GlobalSection(ProjectConfigurationPlatforms) = postSolution
		{CBD87E25-81AB-47A9-B44C-96CC1DB67C2D}.Debug|Any CPU.ActiveCfg = Debug|Any CPU
		{CBD87E25-81AB-47A9-B44C-96CC1DB67C2D}.Debug|Any CPU.Build.0 = Debug|Any CPU
		{CBD87E25-81AB-47A9-B44C-96CC1DB67C2D}.Release|Any CPU.ActiveCfg = Release|Any CPU
		{CBD87E25-81AB-47A9-B44C-96CC1DB67C2D}.Release|Any CPU.Build.0 = Release|Any CPU
		{B9B29DA9-1915-4DEA-A5CB-0B579C4772A1}.Debug|Any CPU.ActiveCfg = Debug|Any CPU
		{B9B29DA9-1915-4DEA-A5CB-0B579C4772A1}.Debug|Any CPU.Build.0 = Debug|Any CPU
		{B9B29DA9-1915-4DEA-A5CB-0B579C4772A1}.Release|Any CPU.ActiveCfg = Release|Any CPU
		{B9B29DA9-1915-4DEA-A5CB-0B579C4772A1}.Release|Any CPU.Build.0 = Release|Any CPU
		{0887822C-6599-4D10-8C75-904C82F369D6}.Debug|Any CPU.ActiveCfg = Debug|Any CPU
		{0887822C-6599-4D10-8C75-904C82F369D6}.Debug|Any CPU.Build.0 = Debug|Any CPU
		{0887822C-6599-4D10-8C75-904C82F369D6}.Release|Any CPU.ActiveCfg = Release|Any CPU
		{0887822C-6599-4D10-8C75-904C82F369D6}.Release|Any CPU.Build.0 = Release|Any CPU
	EndGlobalSection
	GlobalSection(SolutionProperties) = preSolution
		HideSolutionNode = FALSE
	EndGlobalSection
EndGlobal
